<Solution>
  <Folder Name="/01-Basics/">
    <Project Path="01-Basics/ConsoleIO/ConsoleIO.csproj" />
    <Project Path="01-Basics/DataTypes/DataTypes.csproj" />
    <Project Path="01-Basics/HelloWorld/HelloWorld.csproj" />
    <Project Path="01-Basics/Operators/Operators.csproj" />
  </Folder>
</Solution>
