<Solution>
  <Folder Name="/01-Basics/">
    <Project Path="01-Basics/Arrays/Arrays.csproj" />
    <Project Path="01-Basics/Collections/Collections.csproj" />
    <Project Path="01-Basics/Conditionals/Conditionals.csproj" />
    <Project Path="01-Basics/ConsoleIO/ConsoleIO.csproj" />
    <Project Path="01-Basics/DataTypes/DataTypes.csproj" />
    <Project Path="01-Basics/Functions/Functions.csproj" />
    <Project Path="01-Basics/GuessingGame/GuessingGame.csproj" />
    <Project Path="01-Basics/HelloWorld/HelloWorld.csproj" />
    <Project Path="01-Basics/Loops/Loops.csproj" />
    <Project Path="01-Basics/Operators/Operators.csproj" />
  </Folder>
</Solution>
